
Microsoft Visual Studio Solution File, Format Version 12.00
# Visual Studio Version 17
VisualStudioVersion = 17.5.33424.131
MinimumVisualStudioVersion = 10.0.40219.1
Project("{9A19103F-16F7-4668-BE54-9A1E7A4F7556}") = "FleetInventoryManagement", "FleetInventoryManagement/FleetInventoryManagement.csproj", "{B87FD89A-FA29-4F4F-9193-DD5AC8367AE5}"
EndProject
Project("{E53339B2-1760-4266-BCC7-CA923CBCF16C}") = "docker-compose", "docker-compose.dcproj", "{EC70B418-E466-4A28-A3BF-6897B2CB5D10}"
EndProject
Global
	GlobalSection(SolutionConfigurationPlatforms) = preSolution
		Debug|Any CPU = Debug|Any CPU
		Release|Any CPU = Release|Any CPU
	EndGlobalSection
	GlobalSection(ProjectConfigurationPlatforms) = postSolution
		{B87FD89A-FA29-4F4F-9193-DD5AC8367AE5}.Debug|Any CPU.ActiveCfg = Debug|Any CPU
		{B87FD89A-FA29-4F4F-9193-DD5AC8367AE5}.Debug|Any CPU.Build.0 = Debug|Any CPU
		{B87FD89A-FA29-4F4F-9193-DD5AC8367AE5}.Release|Any CPU.ActiveCfg = Release|Any CPU
		{B87FD89A-FA29-4F4F-9193-DD5AC8367AE5}.Release|Any CPU.Build.0 = Release|Any CPU
		{EC70B418-E466-4A28-A3BF-6897B2CB5D10}.Debug|Any CPU.ActiveCfg = Debug|Any CPU
		{EC70B418-E466-4A28-A3BF-6897B2CB5D10}.Debug|Any CPU.Build.0 = Debug|Any CPU
		{EC70B418-E466-4A28-A3BF-6897B2CB5D10}.Release|Any CPU.ActiveCfg = Release|Any CPU
		{EC70B418-E466-4A28-A3BF-6897B2CB5D10}.Release|Any CPU.Build.0 = Release|Any CPU
	EndGlobalSection
	GlobalSection(SolutionProperties) = preSolution
		HideSolutionNode = FALSE
	EndGlobalSection
	GlobalSection(ExtensibilityGlobals) = postSolution
		SolutionGuid = {B2FF351D-859B-4178-B255-9CA001F46C42}
	EndGlobalSection
EndGlobal
